<?xml version="1.0" encoding="utf-8"?>
<Project ToolsVersion="4.0" xmlns="http://schemas.microsoft.com/developer/msbuild/2003">
  <ItemGroup>
    <Filter Include="Исходные файлы">
      <UniqueIdentifier>{4FC737F1-C7A5-4376-A066-2A32D752A2FF}</UniqueIdentifier>
      <Extensions>cpp;c;cc;cxx;c++;cppm;ixx;def;odl;idl;hpj;bat;asm;asmx</Extensions>
    </Filter>
    <Filter Include="Файлы заголовков">
      <UniqueIdentifier>{93995380-89BD-4b04-88EB-625FBE52EBFB}</UniqueIdentifier>
      <Extensions>h;hh;hpp;hxx;h++;hm;inl;inc;ipp;xsd</Extensions>
    </Filter>
    <Filter Include="Файлы ресурсов">
      <UniqueIdentifier>{67DA6AB6-F800-4c08-8B7A-83BB121AAD01}</UniqueIdentifier>
      <Extensions>rc;ico;cur;bmp;dlg;rc2;rct;bin;rgs;gif;jpg;jpeg;jpe;resx;tiff;tif;png;wav;mfcribbon-ms</Extensions>
    </Filter>
  </ItemGroup>
  <ItemGroup>
    <ClCompile Include="cpp\WMI\COMException.cpp">
      <Filter>Исходные файлы</Filter>
    </ClCompile>
    <ClCompile Include="cpp\WMI\WbemLocator.cpp">
      <Filter>Исходные файлы</Filter>
    </ClCompile>
    <ClCompile Include="cpp\WMI\WbemServices.cpp">
      <Filter>Исходные файлы</Filter>
    </ClCompile>
    <ClCompile Include="cpp\WMI\WMIListener.cpp">
      <Filter>Исходные файлы</Filter>
    </ClCompile>
    <ClCompile Include="cpp\WMI\WMIPut.cpp">
      <Filter>Исходные файлы</Filter>
    </ClCompile>
    <ClCompile Include="cpp\WMI\WMIService.cpp">
      <Filter>Исходные файлы</Filter>
    </ClCompile>
    <ClCompile Include="precomp.cpp">
      <Filter>Исходные файлы</Filter>
    </ClCompile>
    <ClCompile Include="h\proto\ClientRequest.pb.cc">
      <Filter>Исходные файлы</Filter>
    </ClCompile>
    <ClCompile Include="h\proto\CommonRequest.pb.cc">
      <Filter>Исходные файлы</Filter>
    </ClCompile>
    <ClCompile Include="h\proto\EventDetail.pb.cc">
      <Filter>Исходные файлы</Filter>
    </ClCompile>
    <ClCompile Include="h\proto\ProcessorMode.pb.cc">
      <Filter>Исходные файлы</Filter>
    </ClCompile>
    <ClCompile Include="cpp\WMI\WMIQuery.cpp">
      <Filter>Исходные файлы</Filter>
    </ClCompile>
    <ClCompile Include="h\proto\ClientPipeRequest.pb.cc">
      <Filter>Исходные файлы</Filter>
    </ClCompile>
    <ClCompile Include="h\proto\ClientRequestBin.pb.cc">
      <Filter>Исходные файлы</Filter>
    </ClCompile>
    <ClCompile Include="h\proto\CommonRequestByte.pb.cc">
      <Filter>Исходные файлы</Filter>
    </ClCompile>
    <ClCompile Include="cpp\Service\CSvcInstall.cpp">
      <Filter>Исходные файлы</Filter>
    </ClCompile>
    <ClCompile Include="cpp\Service\CAudioInputControl.cpp">
      <Filter>Исходные файлы</Filter>
    </ClCompile>
    <ClCompile Include="cpp\CSecurityDescriptor.cpp">
      <Filter>Исходные файлы</Filter>
    </ClCompile>
    <ClCompile Include="cpp\Splash\CSplashScreenFactory.cpp">
      <Filter>Исходные файлы</Filter>
    </ClCompile>
    <ClCompile Include="cpp\Splash\CSplashScreenView.cpp">
      <Filter>Исходные файлы</Filter>
    </ClCompile>
    <ClCompile Include="cpp\md5.cpp">
      <Filter>Исходные файлы</Filter>
    </ClCompile>
  </ItemGroup>
  <ItemGroup>
    <ClInclude Include="h\WMI\COMException.h">
      <Filter>Файлы заголовков</Filter>
    </ClInclude>
    <ClInclude Include="h\WMI\WbemLocator.h">
      <Filter>Файлы заголовков</Filter>
    </ClInclude>
    <ClInclude Include="h\WMI\WbemServices.h">
      <Filter>Файлы заголовков</Filter>
    </ClInclude>
    <ClInclude Include="h\WMI\WMI.h">
      <Filter>Файлы заголовков</Filter>
    </ClInclude>
    <ClInclude Include="h\WMI\WMIListener.h">
      <Filter>Файлы заголовков</Filter>
    </ClInclude>
    <ClInclude Include="h\WMI\WMIPut.h">
      <Filter>Файлы заголовков</Filter>
    </ClInclude>
    <ClInclude Include="h\WMI\WMIService.h">
      <Filter>Файлы заголовков</Filter>
    </ClInclude>
    <ClInclude Include="precomp.h">
      <Filter>Файлы заголовков</Filter>
    </ClInclude>
    <ClInclude Include="h\proto\ClientRequest.pb.h">
      <Filter>Файлы заголовков</Filter>
    </ClInclude>
    <ClInclude Include="h\proto\CommonRequest.pb.h">
      <Filter>Файлы заголовков</Filter>
    </ClInclude>
    <ClInclude Include="h\proto\EventDetail.pb.h">
      <Filter>Файлы заголовков</Filter>
    </ClInclude>
    <ClInclude Include="h\proto\ProcessorMode.pb.h">
      <Filter>Файлы заголовков</Filter>
    </ClInclude>
    <ClInclude Include="h\Win32Error.h">
      <Filter>Файлы заголовков</Filter>
    </ClInclude>
    <ClInclude Include="h\CAutoHandle.h">
      <Filter>Файлы заголовков</Filter>
    </ClInclude>
    <ClInclude Include="h\CCriticalSection.h">
      <Filter>Файлы заголовков</Filter>
    </ClInclude>
    <ClInclude Include="h\WMI\WMIQuery.h">
      <Filter>Файлы заголовков</Filter>
    </ClInclude>
    <ClInclude Include="h\proto\ClientPipeRequest.pb.h">
      <Filter>Файлы заголовков</Filter>
    </ClInclude>
    <ClInclude Include="h\proto\ClientRequestBin.pb.h">
      <Filter>Файлы заголовков</Filter>
    </ClInclude>
    <ClInclude Include="h\proto\CommonRequestByte.pb.h">
      <Filter>Файлы заголовков</Filter>
    </ClInclude>
    <ClInclude Include="h\Service\CSvcInstall.h">
      <Filter>Файлы заголовков</Filter>
    </ClInclude>
    <ClInclude Include="h\Service\ServiceDef.h">
      <Filter>Файлы заголовков</Filter>
    </ClInclude>
    <ClInclude Include="h\Common.h">
      <Filter>Файлы заголовков</Filter>
    </ClInclude>
    <ClInclude Include="h\Service\CAudioInputControl.h">
      <Filter>Файлы заголовков</Filter>
    </ClInclude>
    <ClInclude Include="h\CSecurityDescriptior.h">
      <Filter>Файлы заголовков</Filter>
    </ClInclude>
    <ClInclude Include="h\Splash\CSplashScreenView.h">
      <Filter>Файлы заголовков</Filter>
    </ClInclude>
    <ClInclude Include="h\Splash\CSplashScreenFactory.h">
      <Filter>Файлы заголовков</Filter>
    </ClInclude>
    <ClInclude Include="h\Splash\splash.h">
      <Filter>Файлы заголовков</Filter>
    </ClInclude>
    <ClInclude Include="h\md5.h">
      <Filter>Файлы заголовков</Filter>
    </ClInclude>
    <ClInclude Include="h\iostream.h">
      <Filter>Файлы заголовков</Filter>
    </ClInclude>
  </ItemGroup>
</Project>