<?xml version="1.0" encoding="utf-8"?>
<Project ToolsVersion="4.0" xmlns="http://schemas.microsoft.com/developer/msbuild/2003">
  <ItemGroup>
    <Filter Include="Исходные файлы">
      <UniqueIdentifier>{4FC737F1-C7A5-4376-A066-2A32D752A2FF}</UniqueIdentifier>
      <Extensions>cpp;c;cc;cxx;c++;cppm;ixx;def;odl;idl;hpj;bat;asm;asmx</Extensions>
    </Filter>
    <Filter Include="Файлы заголовков">
      <UniqueIdentifier>{93995380-89BD-4b04-88EB-625FBE52EBFB}</UniqueIdentifier>
      <Extensions>h;hh;hpp;hxx;h++;hm;inl;inc;ipp;xsd</Extensions>
    </Filter>
    <Filter Include="Файлы ресурсов">
      <UniqueIdentifier>{67DA6AB6-F800-4c08-8B7A-83BB121AAD01}</UniqueIdentifier>
      <Extensions>rc;ico;cur;bmp;dlg;rc2;rct;bin;rgs;gif;jpg;jpeg;jpe;resx;tiff;tif;png;wav;mfcribbon-ms</Extensions>
    </Filter>
  </ItemGroup>
  <ItemGroup>
    <ClCompile Include="MIControl.cpp">
      <Filter>Исходные файлы</Filter>
    </ClCompile>
    <ClCompile Include="cpp\precomp.cpp">
      <Filter>Исходные файлы</Filter>
    </ClCompile>
    <ClCompile Include="cpp\GUI\Wrapper\Controls\CIconBits.cpp">
      <Filter>Исходные файлы</Filter>
    </ClCompile>
    <ClCompile Include="cpp\GUI\Wrapper\Controls\cimgloader.cpp">
      <Filter>Исходные файлы</Filter>
    </ClCompile>
    <ClCompile Include="cpp\GUI\Wrapper\Controls\CListView.cpp">
      <Filter>Исходные файлы</Filter>
    </ClCompile>
    <ClCompile Include="cpp\GUI\Wrapper\Controls\ctoolbar.cpp">
      <Filter>Исходные файлы</Filter>
    </ClCompile>
    <ClCompile Include="cpp\GUI\Wrapper\CBitmap.cpp">
      <Filter>Исходные файлы</Filter>
    </ClCompile>
    <ClCompile Include="cpp\GUI\Wrapper\CDialogTemplate.cpp">
      <Filter>Исходные файлы</Filter>
    </ClCompile>
    <ClCompile Include="cpp\GUI\Wrapper\CWindow.cpp">
      <Filter>Исходные файлы</Filter>
    </ClCompile>
    <ClCompile Include="cpp\MIEvent\CEventListener.cpp">
      <Filter>Исходные файлы</Filter>
    </ClCompile>
    <ClCompile Include="cpp\GUI\Dialogs\CHostDlg.cpp">
      <Filter>Исходные файлы</Filter>
    </ClCompile>
    <ClCompile Include="cpp\GUI\Dialogs\Pages\CPageDlg.cpp">
      <Filter>Исходные файлы</Filter>
    </ClCompile>
    <ClCompile Include="cpp\GUI\Dialogs\Pages\CPagePerfomanceDlg.cpp">
      <Filter>Исходные файлы</Filter>
    </ClCompile>
    <ClCompile Include="cpp\GUI\Dialogs\Pages\CPageMicDlg.cpp">
      <Filter>Исходные файлы</Filter>
    </ClCompile>
    <ClCompile Include="cpp\GUI\Dialogs\Pages\CPageTouchpadDlg.cpp">
      <Filter>Исходные файлы</Filter>
    </ClCompile>
    <ClCompile Include="cpp\GUI\Dialogs\Pages\CPageChargeProtectDlg.cpp">
      <Filter>Исходные файлы</Filter>
    </ClCompile>
    <ClCompile Include="cpp\GUI\Dialogs\Pages\CPageRefreshRateDlg.cpp">
      <Filter>Исходные файлы</Filter>
    </ClCompile>
    <ClCompile Include="cpp\GUI\Dialogs\CSplashScreen.cpp">
      <Filter>Исходные файлы</Filter>
    </ClCompile>
    <ClCompile Include="cpp\GUI\Dialogs\Pages\CPageMiButtonDlg.cpp">
      <Filter>Исходные файлы</Filter>
    </ClCompile>
    <ClCompile Include="cpp\GUI\Dialogs\Pages\CPageSysInfoDlg.cpp">
      <Filter>Исходные файлы</Filter>
    </ClCompile>
    <ClCompile Include="cpp\GUI\Dialogs\Pages\CPageAboutDlg.cpp">
      <Filter>Исходные файлы</Filter>
    </ClCompile>
    <ClCompile Include="cpp\GUI\Dialogs\Pages\CPageICCProfileDlg.cpp">
      <Filter>Исходные файлы</Filter>
    </ClCompile>
    <ClCompile Include="cpp\GUI\Dialogs\Pages\CPageServiceStatusDlg.cpp">
      <Filter>Исходные файлы</Filter>
    </ClCompile>
    <ClCompile Include="cpp\MIEvent\CEventStatus.cpp">
      <Filter>Исходные файлы</Filter>
    </ClCompile>
    <ClCompile Include="cpp\GUI\Dialogs\HostDlg\CHostDlg_Helper.cpp">
      <Filter>Исходные файлы</Filter>
    </ClCompile>
    <ClCompile Include="cpp\GUI\Dialogs\HostDlg\CHostDlg_PipeCommand.cpp">
      <Filter>Исходные файлы</Filter>
    </ClCompile>
    <ClCompile Include="cpp\GUI\Dialogs\HostDlg\CHostDlg_ListView.cpp">
      <Filter>Исходные файлы</Filter>
    </ClCompile>
    <ClCompile Include="cpp\GUI\Dialogs\HostDlg\CHostDlg_MyMessage.cpp">
      <Filter>Исходные файлы</Filter>
    </ClCompile>
    <ClCompile Include="cpp\GUI\Dialogs\HostDlg\CHostDlg_Periodic.cpp">
      <Filter>Исходные файлы</Filter>
    </ClCompile>
    <ClCompile Include="cpp\GUI\Dialogs\Pages\CPageSplashSkinDlg.cpp">
      <Filter>Исходные файлы</Filter>
    </ClCompile>
  </ItemGroup>
  <ItemGroup>
    <ClInclude Include="h\precomp.h">
      <Filter>Файлы заголовков</Filter>
    </ClInclude>
    <ClInclude Include="h\GUI\Wrapper\Controls\CIconBits.h">
      <Filter>Файлы заголовков</Filter>
    </ClInclude>
    <ClInclude Include="h\GUI\Wrapper\Controls\cimgloader.h">
      <Filter>Файлы заголовков</Filter>
    </ClInclude>
    <ClInclude Include="h\GUI\Wrapper\Controls\CListView.h">
      <Filter>Файлы заголовков</Filter>
    </ClInclude>
    <ClInclude Include="h\GUI\Wrapper\Controls\ctoolbar.h">
      <Filter>Файлы заголовков</Filter>
    </ClInclude>
    <ClInclude Include="h\GUI\Wrapper\CBitmap.h">
      <Filter>Файлы заголовков</Filter>
    </ClInclude>
    <ClInclude Include="h\GUI\Wrapper\CDialogTemplate.h">
      <Filter>Файлы заголовков</Filter>
    </ClInclude>
    <ClInclude Include="h\GUI\Wrapper\Controls.h">
      <Filter>Файлы заголовков</Filter>
    </ClInclude>
    <ClInclude Include="h\GUI\Wrapper\CWindow.h">
      <Filter>Файлы заголовков</Filter>
    </ClInclude>
    <ClInclude Include="resource.h">
      <Filter>Файлы заголовков</Filter>
    </ClInclude>
    <ClInclude Include="winres.h">
      <Filter>Файлы заголовков</Filter>
    </ClInclude>
    <ClInclude Include="h\MIEvent\MIEvent.h">
      <Filter>Файлы заголовков</Filter>
    </ClInclude>
    <ClInclude Include="h\MIEvent\CEventListener.h">
      <Filter>Файлы заголовков</Filter>
    </ClInclude>
    <ClInclude Include="h\GUI\Dialogs\CHostDlg.h">
      <Filter>Файлы заголовков</Filter>
    </ClInclude>
    <ClInclude Include="h\GUI\Dialogs\Pages\Pages.h">
      <Filter>Файлы заголовков</Filter>
    </ClInclude>
    <ClInclude Include="h\GUI\Dialogs\Pages\CPageDlg.h">
      <Filter>Файлы заголовков</Filter>
    </ClInclude>
    <ClInclude Include="h\GUI\Dialogs\Pages\CPagePerfomanceDlg.h">
      <Filter>Файлы заголовков</Filter>
    </ClInclude>
    <ClInclude Include="h\GUI\Dialogs\Pages\CPageMicDlg.h">
      <Filter>Файлы заголовков</Filter>
    </ClInclude>
    <ClInclude Include="h\GUI\Dialogs\Pages\CPageTouchpadDlg.h">
      <Filter>Файлы заголовков</Filter>
    </ClInclude>
    <ClInclude Include="h\GUI\Dialogs\Pages\CPageChargeProtectDlg.h">
      <Filter>Файлы заголовков</Filter>
    </ClInclude>
    <ClInclude Include="h\GUI\Dialogs\Pages\CPageRefreshRateDlg.h">
      <Filter>Файлы заголовков</Filter>
    </ClInclude>
    <ClInclude Include="h\GUI\Dialogs\CSplashScreen.h">
      <Filter>Файлы заголовков</Filter>
    </ClInclude>
    <ClInclude Include="h\GUI\Dialogs\Pages\CPageMiButtonDlg.h">
      <Filter>Файлы заголовков</Filter>
    </ClInclude>
    <ClInclude Include="h\GUI\Dialogs\Pages\CPageSysInfoDlg.h">
      <Filter>Файлы заголовков</Filter>
    </ClInclude>
    <ClInclude Include="h\GUI\Dialogs\Pages\CPageAboutDlg.h">
      <Filter>Файлы заголовков</Filter>
    </ClInclude>
    <ClInclude Include="h\GUI\Dialogs\Pages\CPageICCProfileDlg.h">
      <Filter>Файлы заголовков</Filter>
    </ClInclude>
    <ClInclude Include="h\GUI\Dialogs\Pages\CPageServiceStatusDlg.h">
      <Filter>Файлы заголовков</Filter>
    </ClInclude>
    <ClInclude Include="h\MIEvent\CEventStatus.h">
      <Filter>Файлы заголовков</Filter>
    </ClInclude>
    <ClInclude Include="h\GUI\Dialogs\Pages\CPageSplashSkinDlg.h">
      <Filter>Файлы заголовков</Filter>
    </ClInclude>
  </ItemGroup>
  <ItemGroup>
    <ResourceCompile Include="MIControl.rc">
      <Filter>Файлы ресурсов</Filter>
    </ResourceCompile>
  </ItemGroup>
  <ItemGroup>
    <Image Include="rc\216.PNG">
      <Filter>Файлы ресурсов</Filter>
    </Image>
    <Image Include="rc\small.ico">
      <Filter>Файлы ресурсов</Filter>
    </Image>
    <Image Include="rc\big.ico">
      <Filter>Файлы ресурсов</Filter>
    </Image>
    <Image Include="rc\png\CapsLock.png">
      <Filter>Файлы ресурсов</Filter>
    </Image>
    <Image Include="rc\png\CapsUnlock.png">
      <Filter>Файлы ресурсов</Filter>
    </Image>
    <Image Include="rc\png\ChargeLowPower.png">
      <Filter>Файлы ресурсов</Filter>
    </Image>
    <Image Include="rc\png\DisFre48.png">
      <Filter>Файлы ресурсов</Filter>
    </Image>
    <Image Include="rc\png\DisFre60.png">
      <Filter>Файлы ресурсов</Filter>
    </Image>
    <Image Include="rc\png\DisFre72.png">
      <Filter>Файлы ресурсов</Filter>
    </Image>
    <Image Include="rc\png\DisFre90.png">
      <Filter>Файлы ресурсов</Filter>
    </Image>
    <Image Include="rc\png\DisFre120.png">
      <Filter>Файлы ресурсов</Filter>
    </Image>
    <Image Include="rc\png\DisFre144.png">
      <Filter>Файлы ресурсов</Filter>
    </Image>
    <Image Include="rc\png\DisFre165.png">
      <Filter>Файлы ресурсов</Filter>
    </Image>
    <Image Include="rc\png\DisFre240.png">
      <Filter>Файлы ресурсов</Filter>
    </Image>
    <Image Include="rc\png\DisFreErr.png">
      <Filter>Файлы ресурсов</Filter>
    </Image>
    <Image Include="rc\png\FnLock.png">
      <Filter>Файлы ресурсов</Filter>
    </Image>
    <Image Include="rc\png\FnUnlock.png">
      <Filter>Файлы ресурсов</Filter>
    </Image>
    <Image Include="rc\png\KeyboardLight0.png">
      <Filter>Файлы ресурсов</Filter>
    </Image>
    <Image Include="rc\png\KeyboardLight1.png">
      <Filter>Файлы ресурсов</Filter>
    </Image>
    <Image Include="rc\png\KeyboardLight2.png">
      <Filter>Файлы ресурсов</Filter>
    </Image>
    <Image Include="rc\png\KeyboardLight3.png">
      <Filter>Файлы ресурсов</Filter>
    </Image>
    <Image Include="rc\png\KeyboardLight4.png">
      <Filter>Файлы ресурсов</Filter>
    </Image>
    <Image Include="rc\png\KeyboardLight5.png">
      <Filter>Файлы ресурсов</Filter>
    </Image>
    <Image Include="rc\png\KeyboardLight6.png">
      <Filter>Файлы ресурсов</Filter>
    </Image>
    <Image Include="rc\png\KeyboardLight7.png">
      <Filter>Файлы ресурсов</Filter>
    </Image>
    <Image Include="rc\png\KeyboardLight8.png">
      <Filter>Файлы ресурсов</Filter>
    </Image>
    <Image Include="rc\png\KeyboardLight9.png">
      <Filter>Файлы ресурсов</Filter>
    </Image>
    <Image Include="rc\png\KeyboardLight10.png">
      <Filter>Файлы ресурсов</Filter>
    </Image>
    <Image Include="rc\png\KeyboardLightAuto.png">
      <Filter>Файлы ресурсов</Filter>
    </Image>
    <Image Include="rc\png\MuteOff.png">
      <Filter>Файлы ресурсов</Filter>
    </Image>
    <Image Include="rc\png\MuteOn.png">
      <Filter>Файлы ресурсов</Filter>
    </Image>
    <Image Include="rc\png\NumLock.png">
      <Filter>Файлы ресурсов</Filter>
    </Image>
    <Image Include="rc\png\NumUnlock.png">
      <Filter>Файлы ресурсов</Filter>
    </Image>
    <Image Include="rc\png\TouchpadOff.png">
      <Filter>Файлы ресурсов</Filter>
    </Image>
    <Image Include="rc\png\TouchpadOn.png">
      <Filter>Файлы ресурсов</Filter>
    </Image>
    <Image Include="rc\png\WorkloadBalance_En.png">
      <Filter>Файлы ресурсов</Filter>
    </Image>
    <Image Include="rc\png\WorkloadDeception_En.png">
      <Filter>Файлы ресурсов</Filter>
    </Image>
    <Image Include="rc\png\WorkloadSilent_En.png">
      <Filter>Файлы ресурсов</Filter>
    </Image>
    <Image Include="rc\png\WorkloadSpeed_En.png">
      <Filter>Файлы ресурсов</Filter>
    </Image>
    <Image Include="rc\png\WorkloadTurbo_En.png">
      <Filter>Файлы ресурсов</Filter>
    </Image>
    <Image Include="rc\png\battery70_charging.png">
      <Filter>Файлы ресурсов</Filter>
    </Image>
    <Image Include="rc\png\battery100_charging.png">
      <Filter>Файлы ресурсов</Filter>
    </Image>
    <Image Include="rc\MIControl.ico">
      <Filter>Файлы ресурсов</Filter>
    </Image>
    <Image Include="rc\icon1.ico">
      <Filter>Файлы ресурсов</Filter>
    </Image>
    <Image Include="rc\png\DisFre75.png">
      <Filter>Файлы ресурсов</Filter>
    </Image>
    <Image Include="rc\png\DisFre100.png">
      <Filter>Файлы ресурсов</Filter>
    </Image>
    <Image Include="rc\ico\air-wind-weather.ico">
      <Filter>Файлы ресурсов</Filter>
    </Image>
    <Image Include="rc\ico\battery-half.ico">
      <Filter>Файлы ресурсов</Filter>
    </Image>
    <Image Include="rc\ico\chatbot.ico">
      <Filter>Файлы ресурсов</Filter>
    </Image>
    <Image Include="rc\ico\chip.ico">
      <Filter>Файлы ресурсов</Filter>
    </Image>
    <Image Include="rc\ico\fire-trend-hot.ico">
      <Filter>Файлы ресурсов</Filter>
    </Image>
    <Image Include="rc\ico\image-photo-picture.ico">
      <Filter>Файлы ресурсов</Filter>
    </Image>
    <Image Include="rc\ico\laptop-computer.ico">
      <Filter>Файлы ресурсов</Filter>
    </Image>
    <Image Include="rc\ico\microphone-music-talk.ico">
      <Filter>Файлы ресурсов</Filter>
    </Image>
    <Image Include="rc\ico\mouse.ico">
      <Filter>Файлы ресурсов</Filter>
    </Image>
    <Image Include="rc\ico\toogle-left.ico">
      <Filter>Файлы ресурсов</Filter>
    </Image>
    <Image Include="rc\ico\toogle-right-3.ico">
      <Filter>Файлы ресурсов</Filter>
    </Image>
    <Image Include="rc\ico\video-camera.ico">
      <Filter>Файлы ресурсов</Filter>
    </Image>
    <Image Include="rc\ico\sparkle-stars-ai_2.ico">
      <Filter>Файлы ресурсов</Filter>
    </Image>
    <Image Include="rc\png\NewIntelligentMode.png">
      <Filter>Файлы ресурсов</Filter>
    </Image>
  </ItemGroup>
</Project>